
Microsoft Visual Studio Solution File, Format Version 12.00
# Visual Studio Version 16
VisualStudioVersion = 16.0.32802.440
MinimumVisualStudioVersion = 10.0.40219.1
Project("{FAE04EC0-301F-11D3-BF4B-00C04F79EFBC}") = "CoordinateManager", "CoordinateManager.csproj", "{9EA2EA0A-02BE-4D2A-BCBA-833CDEC75ED3}"
EndProject
Global
	GlobalSection(SolutionConfigurationPlatforms) = preSolution
		Debug|Any CPU = Debug|Any CPU
		Release|Any CPU = Release|Any CPU
	EndGlobalSection
	GlobalSection(ProjectConfigurationPlatforms) = postSolution
		{9EA2EA0A-02BE-4D2A-BCBA-833CDEC75ED3}.Debug|Any CPU.ActiveCfg = Debug|Any CPU
		{9EA2EA0A-02BE-4D2A-BCBA-833CDEC75ED3}.Debug|Any CPU.Build.0 = Debug|Any CPU
		{9EA2EA0A-02BE-4D2A-BCBA-833CDEC75ED3}.Release|Any CPU.ActiveCfg = Release|Any CPU
		{9EA2EA0A-02BE-4D2A-BCBA-833CDEC75ED3}.Release|Any CPU.Build.0 = Release|Any CPU
	EndGlobalSection
	GlobalSection(SolutionProperties) = preSolution
		HideSolutionNode = FALSE
	EndGlobalSection
	GlobalSection(ExtensibilityGlobals) = postSolution
		SolutionGuid = {689A1500-F9A2-4C35-B28B-CFF6335BD796}
	EndGlobalSection
EndGlobal
